{
  "name": "useful-module",
  "version": "1.0.0",
  "lockfileVersion": 3,
  "requires": true,
  "packages": {
    "": {
      "name": "useful-module",
      "version": "1.0.0",
      "license": "ISC",
      "dependencies": {
        "dotenv": "16.3.2",
        "javascript-from-string": "^1.0.3"
      }
    },
    "node_modules/dotenv": {
      "version": "16.3.2",
      "resolved": "https://registry.npmjs.org/dotenv/-/dotenv-16.3.2.tgz",
      "integrity": "sha512-HTlk5nmhkm8F6JcdXvHIzaorzCoziNQT9mGxLPVXW8wJF1TiGSL60ZGB4gHWabHOaMmWmhvk2/lPHfnBiT78AQ==",
      "engines": {
        "node": ">=12"
      },
      "funding": {
        "url": "https://github.com/motdotla/dotenv?sponsor=1"
      }
    },
    "node_modules/javascript-from-string": {
      "version": "1.0.3",
      "resolved": "https://registry.npmjs.org/javascript-from-string/-/javascript-from-string-1.0.3.tgz",
      "integrity": "sha512-h1X+3kacWjJNofqzMbUdlTpJJs7OpydYUrzweUdmXWtra/5BD36ObLHsia/IQMdm9gAH0YzjvXDE+WA9BPRfrA=="
    }
  }
}
